
Microsoft Visual Studio Solution File, Format Version 12.00
# Visual Studio Version 17
VisualStudioVersion = 17.7.34024.191
MinimumVisualStudioVersion = 10.0.40219.1
Project("{2150E333-8FDC-42A3-9474-1A3956D46DE8}") = "src", "src", "{21B1678D-720D-4A3F-BA18-CC9E1C757B28}"
EndProject
Project("{2150E333-8FDC-42A3-9474-1A3956D46DE8}") = "tests", "tests", "{B4CE72DD-6728-4764-AFB9-099FA5CAF7C0}"
EndProject
Project("{FAE04EC0-301F-11D3-BF4B-00C04F79EFBC}") = "FIAP.TechChalenge.InvestNetHub.Tests", "tests\FIAP.TechChalenge.InvestNetHub.Tests\FIAP.TechChalenge.InvestNetHub.Tests.csproj", "{084671CE-39E3-4AE4-99DC-52EB10A5AAEA}"
EndProject
Project("{FAE04EC0-301F-11D3-BF4B-00C04F79EFBC}") = "FIAP.TechChalenge.InvestNetHub.Domain", "src\FIAP.TechChalenge.InvestNetHub.Domain\FIAP.TechChalenge.InvestNetHub.Domain.csproj", "{E5884A69-0D95-4669-A800-56FB27473033}"
EndProject
Global
	GlobalSection(SolutionConfigurationPlatforms) = preSolution
		Debug|Any CPU = Debug|Any CPU
		Release|Any CPU = Release|Any CPU
	EndGlobalSection
	GlobalSection(ProjectConfigurationPlatforms) = postSolution
		{084671CE-39E3-4AE4-99DC-52EB10A5AAEA}.Debug|Any CPU.ActiveCfg = Debug|Any CPU
		{084671CE-39E3-4AE4-99DC-52EB10A5AAEA}.Debug|Any CPU.Build.0 = Debug|Any CPU
		{084671CE-39E3-4AE4-99DC-52EB10A5AAEA}.Release|Any CPU.ActiveCfg = Release|Any CPU
		{084671CE-39E3-4AE4-99DC-52EB10A5AAEA}.Release|Any CPU.Build.0 = Release|Any CPU
		{E5884A69-0D95-4669-A800-56FB27473033}.Debug|Any CPU.ActiveCfg = Debug|Any CPU
		{E5884A69-0D95-4669-A800-56FB27473033}.Debug|Any CPU.Build.0 = Debug|Any CPU
		{E5884A69-0D95-4669-A800-56FB27473033}.Release|Any CPU.ActiveCfg = Release|Any CPU
		{E5884A69-0D95-4669-A800-56FB27473033}.Release|Any CPU.Build.0 = Release|Any CPU
	EndGlobalSection
	GlobalSection(SolutionProperties) = preSolution
		HideSolutionNode = FALSE
	EndGlobalSection
	GlobalSection(NestedProjects) = preSolution
		{084671CE-39E3-4AE4-99DC-52EB10A5AAEA} = {B4CE72DD-6728-4764-AFB9-099FA5CAF7C0}
		{E5884A69-0D95-4669-A800-56FB27473033} = {21B1678D-720D-4A3F-BA18-CC9E1C757B28}
	EndGlobalSection
	GlobalSection(ExtensibilityGlobals) = postSolution
		SolutionGuid = {6BB70723-DE7F-4EF4-B7E2-9DAC4836C8CA}
	EndGlobalSection
EndGlobal
